# @generated - this file is auto-generated by `mise lock` https://mise.jdx.dev/dev-tools/mise-lock.html

[[tools.clang]]
version = "21.1.8"
backend = "asdf:clang"

[[tools.clang-format]]
version = "21.1.8"
backend = "asdf:clang-format"

[[tools.clang-tidy]]
version = "21.1.8"
backend = "asdf:https://github.com/mise-plugins/mise-llvm.git"

[[tools.clangd]]
version = "21.1.8"
backend = "asdf:clangd"

[[tools.cmake]]
version = "4.0.1"
backend = "asdf:cmake"
